{
  "requires": true,
  "lockfileVersion": 1,
  "dependencies": {
    "browserslist": {
      "version": "4.8.5",
      "resolved": "https://registry.npmjs.org/browserslist/-/browserslist-4.8.5.tgz",
      "integrity": "sha512-4LMHuicxkabIB+n9874jZX/az1IaZ5a+EUuvD7KFOu9x/Bd5YHyO0DIz2ls/Kl8g0ItS4X/ilEgf4T1Br0lgSg==",
      "requires": {
        "caniuse-lite": "^1.0.30001022",
        "electron-to-chromium": "^1.3.338",
        "node-releases": "^1.1.46"
      }
    },
    "caniuse-lite": {
      "version": "1.0.30001022",
      "resolved": "https://registry.npmjs.org/caniuse-lite/-/caniuse-lite-1.0.30001022.tgz",
      "integrity": "sha512-FjwPPtt/I07KyLPkBQ0g7/XuZg6oUkYBVnPHNj3VHJbOjmmJ/GdSo/GUY6MwINEQvjhP6WZVbX8Tvms8xh0D5A=="
    },
    "electron-to-chromium": {
      "version": "1.3.340",
      "resolved": "https://registry.npmjs.org/electron-to-chromium/-/electron-to-chromium-1.3.340.tgz",
      "integrity": "sha512-hRFBAglhcj5iVYH+o8QU0+XId1WGoc0VGowJB1cuJAt3exHGrivZvWeAO5BRgBZqwZtwxjm8a5MQeGoT/Su3ww=="
    },
    "node-releases": {
      "version": "1.1.47",
      "resolved": "https://registry.npmjs.org/node-releases/-/node-releases-1.1.47.tgz",
      "integrity": "sha512-k4xjVPx5FpwBUj0Gw7uvFOTF4Ep8Hok1I6qjwL3pLfwe7Y0REQSAqOwwv9TWBCUtMHxcXfY4PgRLRozcChvTcA==",
      "requires": {
        "semver": "^6.3.0"
      }
    },
    "semver": {
      "version": "6.3.0",
      "resolved": "https://registry.npmjs.org/semver/-/semver-6.3.0.tgz",
      "integrity": "sha512-b39TBaTSfV6yBrapU89p5fKekE2m/NwnDocOVruQFS1/veMgdzuPcnOM34M6CwxW8jH/lxEa5rBoDeUwu5HHTw=="
    }
  }
}
